# This file was autogenerated by Stack.
# You should not edit this file by hand.
# For more information, please see the documentation at:
#   https://docs.haskellstack.org/en/stable/lock_files

packages:
- completed:
    size: 12056
    url: https://github.com/i-am-tom/higgledy/archive/476d73a92e3ef6e1dc879555d751f877b0f91de8.tar.gz
    cabal-file:
      size: 1903
      sha256: 171ffa8bccb93b2a6f369cd55e98734baf2237d4a36731ac9806979fd6327cdb
    name: higgledy
    version: 0.3.0.0
    sha256: e69fc4b640b4b313e580dd08d88cdc640a69dc5d706eaf2e8882f1eb3ba66aab
    pantry-tree:
      size: 759
      sha256: b46d808ef80b1a9c0b1bbd3cd36212932baed6c0b67742ddf4ba804ea7a7b290
  original:
    url: https://github.com/i-am-tom/higgledy/archive/476d73a92e3ef6e1dc879555d751f877b0f91de8.tar.gz
snapshots:
- completed:
    size: 528436
    url: https://raw.githubusercontent.com/commercialhaskell/stackage-snapshots/master/nightly/2019/9/2.yaml
    sha256: 8b80ea50706db4a5d08e29812d4978e5182a5a6773a8c089236cd52992fdbca6
  original: nightly-2019-09-02
